// !$*UTF8*$!
{
	archiveVersion = 1;
	classes = {
	};
	objectVersion = 55;
	objects = {

/* Begin PBXBuildFile section */
		19340CD9E45D55476A36C841 /* Pods_TheMovieDB_App.framework in Frameworks */ = {isa = PBXBuildFile; fileRef = A4BBB45085508638BE5CCAE6 /* Pods_TheMovieDB_App.framework */; };
		D92612D1295C98BB007F9557 /* SessionID.swift in Sources */ = {isa = PBXBuildFile; fileRef = D92612D0295C98BB007F9557 /* SessionID.swift */; };
		D92612D5295D5D75007F9557 /* MediaListView.swift in Sources */ = {isa = PBXBuildFile; fileRef = D92612D3295D5D75007F9557 /* MediaListView.swift */; };
		D92612D6295D5D75007F9557 /* MediaListView.xib in Resources */ = {isa = PBXBuildFile; fileRef = D92612D4295D5D75007F9557 /* MediaListView.xib */; };
		D92612DA295D5DF5007F9557 /* MediaListViewModel.swift in Sources */ = {isa = PBXBuildFile; fileRef = D92612D9295D5DF5007F9557 /* MediaListViewModel.swift */; };
		D9261300295DA5F4007F9557 /* CustomSegmentControl.swift in Sources */ = {isa = PBXBuildFile; fileRef = D92612FE295DA5F3007F9557 /* CustomSegmentControl.swift */; };
		D9261301295DA5F4007F9557 /* CustomSegmentControl.xib in Resources */ = {isa = PBXBuildFile; fileRef = D92612FF295DA5F3007F9557 /* CustomSegmentControl.xib */; };
		D9261304295E25E3007F9557 /* UITextField+Extensions.swift in Sources */ = {isa = PBXBuildFile; fileRef = D9261303295E25E3007F9557 /* UITextField+Extensions.swift */; };
		D92613062962E623007F9557 /* Genre.swift in Sources */ = {isa = PBXBuildFile; fileRef = D92613052962E623007F9557 /* Genre.swift */; };
		D92613082963174D007F9557 /* UITableView+Extensions.swift in Sources */ = {isa = PBXBuildFile; fileRef = D92613072963174D007F9557 /* UITableView+Extensions.swift */; };
		D926130D29645A83007F9557 /* CustomTableViewHeader.swift in Sources */ = {isa = PBXBuildFile; fileRef = D926130C29645A83007F9557 /* CustomTableViewHeader.swift */; };
		D9261310296469AD007F9557 /* MediaCollectionTableViewCell.swift in Sources */ = {isa = PBXBuildFile; fileRef = D926130E296469AD007F9557 /* MediaCollectionTableViewCell.swift */; };
		D9261311296469AD007F9557 /* MediaCollectionTableViewCell.xib in Resources */ = {isa = PBXBuildFile; fileRef = D926130F296469AD007F9557 /* MediaCollectionTableViewCell.xib */; };
		D926131529646A48007F9557 /* MediaCollectionViewCell.swift in Sources */ = {isa = PBXBuildFile; fileRef = D926131329646A48007F9557 /* MediaCollectionViewCell.swift */; };
		D926131629646A48007F9557 /* MediaCollectionViewCell.xib in Resources */ = {isa = PBXBuildFile; fileRef = D926131429646A48007F9557 /* MediaCollectionViewCell.xib */; };
		D926131C2964C6E3007F9557 /* UICollectionView+Extensions.swift in Sources */ = {isa = PBXBuildFile; fileRef = D926131B2964C6E3007F9557 /* UICollectionView+Extensions.swift */; };
		D92613202965D031007F9557 /* Poster.swift in Sources */ = {isa = PBXBuildFile; fileRef = D926131F2965D031007F9557 /* Poster.swift */; };
		D929E4CB297E719C004AF9FB /* SearchCoordinator.swift in Sources */ = {isa = PBXBuildFile; fileRef = D929E4CA297E719C004AF9FB /* SearchCoordinator.swift */; };
		D929E4D8297EFD00004AF9FB /* SearchView.swift in Sources */ = {isa = PBXBuildFile; fileRef = D929E4D6297EFD00004AF9FB /* SearchView.swift */; };
		D929E4D9297EFD00004AF9FB /* SearchView.xib in Resources */ = {isa = PBXBuildFile; fileRef = D929E4D7297EFD00004AF9FB /* SearchView.xib */; };
		D929E4DB297EFD1D004AF9FB /* SearchViewModel.swift in Sources */ = {isa = PBXBuildFile; fileRef = D929E4DA297EFD1D004AF9FB /* SearchViewModel.swift */; };
		D929E4E62982826D004AF9FB /* SearchMedia.swift in Sources */ = {isa = PBXBuildFile; fileRef = D929E4E52982826D004AF9FB /* SearchMedia.swift */; };
		D929E4E82986ACCA004AF9FB /* UIColor+Extensions.swift in Sources */ = {isa = PBXBuildFile; fileRef = D929E4E72986ACCA004AF9FB /* UIColor+Extensions.swift */; };
		D929E4EA29885AF2004AF9FB /* AccountDetails.swift in Sources */ = {isa = PBXBuildFile; fileRef = D929E4E929885AF2004AF9FB /* AccountDetails.swift */; };
		D929E4EC29896B91004AF9FB /* Favorites.swift in Sources */ = {isa = PBXBuildFile; fileRef = D929E4EB29896B91004AF9FB /* Favorites.swift */; };
		D929E4EE298A6143004AF9FB /* FavoritesCoordinator.swift in Sources */ = {isa = PBXBuildFile; fileRef = D929E4ED298A6143004AF9FB /* FavoritesCoordinator.swift */; };
		D929E4F2298A642E004AF9FB /* FavoritesView.swift in Sources */ = {isa = PBXBuildFile; fileRef = D929E4F0298A642E004AF9FB /* FavoritesView.swift */; };
		D929E4F3298A642E004AF9FB /* FavoritesView.xib in Resources */ = {isa = PBXBuildFile; fileRef = D929E4F1298A642E004AF9FB /* FavoritesView.xib */; };
		D929E4F5298A647B004AF9FB /* FavoritesViewModel.swift in Sources */ = {isa = PBXBuildFile; fileRef = D929E4F4298A647B004AF9FB /* FavoritesViewModel.swift */; };
		D929E4FC298D5CAD004AF9FB /* FavoritesListView.swift in Sources */ = {isa = PBXBuildFile; fileRef = D929E4FA298D5CAD004AF9FB /* FavoritesListView.swift */; };
		D929E4FD298D5CAD004AF9FB /* FavoritesListView.xib in Resources */ = {isa = PBXBuildFile; fileRef = D929E4FB298D5CAD004AF9FB /* FavoritesListView.xib */; };
		D929E4FF298D5CE8004AF9FB /* FavoritesListViewModel.swift in Sources */ = {isa = PBXBuildFile; fileRef = D929E4FE298D5CE8004AF9FB /* FavoritesListViewModel.swift */; };
		D929E50429924AB8004AF9FB /* FavoritesListTableViewCell.swift in Sources */ = {isa = PBXBuildFile; fileRef = D929E50229924AB8004AF9FB /* FavoritesListTableViewCell.swift */; };
		D929E50529924AB8004AF9FB /* FavoritesListTableViewCell.xib in Resources */ = {isa = PBXBuildFile; fileRef = D929E50329924AB8004AF9FB /* FavoritesListTableViewCell.xib */; };
		D929E5082993EF77004AF9FB /* CacheService.swift in Sources */ = {isa = PBXBuildFile; fileRef = D929E5072993EF77004AF9FB /* CacheService.swift */; };
		D929E50B2994E1B0004AF9FB /* NetworkSessionContainable.swift in Sources */ = {isa = PBXBuildFile; fileRef = D929E50A2994E1B0004AF9FB /* NetworkSessionContainable.swift */; };
		D929E50D2994E232004AF9FB /* NetworkSessionProcessable.swift in Sources */ = {isa = PBXBuildFile; fileRef = D929E50C2994E232004AF9FB /* NetworkSessionProcessable.swift */; };
		D929E5102994E3CA004AF9FB /* DataService.swift in Sources */ = {isa = PBXBuildFile; fileRef = D929E50F2994E3CA004AF9FB /* DataService.swift */; };
		D932C6A72950A3B000552003 /* AppDelegate.swift in Sources */ = {isa = PBXBuildFile; fileRef = D932C6A62950A3B000552003 /* AppDelegate.swift */; };
		D932C6B12950A3B000552003 /* TheMovieDB_App.xcdatamodeld in Sources */ = {isa = PBXBuildFile; fileRef = D932C6AF2950A3B000552003 /* TheMovieDB_App.xcdatamodeld */; };
		D932C6B32950A3B200552003 /* Assets.xcassets in Resources */ = {isa = PBXBuildFile; fileRef = D932C6B22950A3B200552003 /* Assets.xcassets */; };
		D932C6B62950A3B200552003 /* LaunchScreen.storyboard in Resources */ = {isa = PBXBuildFile; fileRef = D932C6B42950A3B200552003 /* LaunchScreen.storyboard */; };
		D97038EB295357D3003ABAF9 /* temp.xib in Resources */ = {isa = PBXBuildFile; fileRef = D97038EA295357D3003ABAF9 /* temp.xib */; };
		D98AFE152955D31D001665E7 /* SecureTextField.swift in Sources */ = {isa = PBXBuildFile; fileRef = D98AFE132955D31D001665E7 /* SecureTextField.swift */; };
		D98AFE162955D31D001665E7 /* SecureTextField.xib in Resources */ = {isa = PBXBuildFile; fileRef = D98AFE142955D31D001665E7 /* SecureTextField.xib */; };
		D98AFE182955D528001665E7 /* NibDesignable.swift in Sources */ = {isa = PBXBuildFile; fileRef = D98AFE172955D528001665E7 /* NibDesignable.swift */; };
		D98AFE1B29564885001665E7 /* BaseView.swift in Sources */ = {isa = PBXBuildFile; fileRef = D98AFE1A29564885001665E7 /* BaseView.swift */; };
		D98AFE1E29564AB6001665E7 /* Events.swift in Sources */ = {isa = PBXBuildFile; fileRef = D98AFE1D29564AB6001665E7 /* Events.swift */; };
		D98AFE2029564B1A001665E7 /* BaseViewModel.swift in Sources */ = {isa = PBXBuildFile; fileRef = D98AFE1F29564B1A001665E7 /* BaseViewModel.swift */; };
		D98AFE222956B8DF001665E7 /* BaseCoordinator.swift in Sources */ = {isa = PBXBuildFile; fileRef = D98AFE212956B8DE001665E7 /* BaseCoordinator.swift */; };
		D98AFE282956C154001665E7 /* MainCoordinator.swift in Sources */ = {isa = PBXBuildFile; fileRef = D98AFE272956C154001665E7 /* MainCoordinator.swift */; };
		D98AFE3129578863001665E7 /* HTTPMethod.swift in Sources */ = {isa = PBXBuildFile; fileRef = D98AFE3029578863001665E7 /* HTTPMethod.swift */; };
		D98AFE3329578928001665E7 /* RequestError.swift in Sources */ = {isa = PBXBuildFile; fileRef = D98AFE3229578928001665E7 /* RequestError.swift */; };
		D98AFE3529578C27001665E7 /* Movies.swift in Sources */ = {isa = PBXBuildFile; fileRef = D98AFE3429578C27001665E7 /* Movies.swift */; };
		D98AFE3729578C90001665E7 /* Movie.swift in Sources */ = {isa = PBXBuildFile; fileRef = D98AFE3629578C90001665E7 /* Movie.swift */; };
		D98AFE392957947F001665E7 /* NetworkService.swift in Sources */ = {isa = PBXBuildFile; fileRef = D98AFE382957947F001665E7 /* NetworkService.swift */; };
		D98AFE3B295822A9001665E7 /* URLContainable.swift in Sources */ = {isa = PBXBuildFile; fileRef = D98AFE3A295822A9001665E7 /* URLContainable.swift */; };
		D98AFE3D29584A2A001665E7 /* RequestedToken.swift in Sources */ = {isa = PBXBuildFile; fileRef = D98AFE3C29584A2A001665E7 /* RequestedToken.swift */; };
		D9DC02E3296D880100A951A2 /* MediaVIew.swift in Sources */ = {isa = PBXBuildFile; fileRef = D9DC02E1296D880100A951A2 /* MediaVIew.swift */; };
		D9DC02E4296D880100A951A2 /* MediaView.xib in Resources */ = {isa = PBXBuildFile; fileRef = D9DC02E2296D880100A951A2 /* MediaView.xib */; };
		D9DC02E829720A8100A951A2 /* MediaDetailView.swift in Sources */ = {isa = PBXBuildFile; fileRef = D9DC02E629720A8100A951A2 /* MediaDetailView.swift */; };
		D9DC02E929720A8100A951A2 /* MediaDetailView.xib in Resources */ = {isa = PBXBuildFile; fileRef = D9DC02E729720A8100A951A2 /* MediaDetailView.xib */; };
		D9DC02EB29720B9100A951A2 /* MediaDetailViewModel.swift in Sources */ = {isa = PBXBuildFile; fileRef = D9DC02EA29720B9100A951A2 /* MediaDetailViewModel.swift */; };
		D9DC02ED2973DFAE00A951A2 /* Detail.swift in Sources */ = {isa = PBXBuildFile; fileRef = D9DC02EC2973DFAE00A951A2 /* Detail.swift */; };
		D9DC02EF2975540B00A951A2 /* Video.swift in Sources */ = {isa = PBXBuildFile; fileRef = D9DC02EE2975540B00A951A2 /* Video.swift */; };
		D9DC02F52975E1DC00A951A2 /* SearchListView.swift in Sources */ = {isa = PBXBuildFile; fileRef = D9DC02F32975E1DC00A951A2 /* SearchListView.swift */; };
		D9DC02F62975E1DC00A951A2 /* SearchListView.xib in Resources */ = {isa = PBXBuildFile; fileRef = D9DC02F42975E1DC00A951A2 /* SearchListView.xib */; };
		D9DC02F82975E29200A951A2 /* SearchListViewModel.swift in Sources */ = {isa = PBXBuildFile; fileRef = D9DC02F72975E29200A951A2 /* SearchListViewModel.swift */; };
		D9DC02FD2975E9E700A951A2 /* SearchTableViewCell.swift in Sources */ = {isa = PBXBuildFile; fileRef = D9DC02FB2975E9E700A951A2 /* SearchTableViewCell.swift */; };
		D9DC02FE2975E9E700A951A2 /* SearchTableViewCell.xib in Resources */ = {isa = PBXBuildFile; fileRef = D9DC02FC2975E9E700A951A2 /* SearchTableViewCell.xib */; };
		D9DC03072977EA6F00A951A2 /* MediaViewModel.swift in Sources */ = {isa = PBXBuildFile; fileRef = D9DC03062977EA6F00A951A2 /* MediaViewModel.swift */; };
		D9DC0309297823DC00A951A2 /* LoginCoordinator.swift in Sources */ = {isa = PBXBuildFile; fileRef = D9DC0308297823DC00A951A2 /* LoginCoordinator.swift */; };
		D9DC030B29782FA500A951A2 /* ChildCoordinator.swift in Sources */ = {isa = PBXBuildFile; fileRef = D9DC030A29782FA500A951A2 /* ChildCoordinator.swift */; };
		D9DC030D297839E700A951A2 /* MediaCoordinator.swift in Sources */ = {isa = PBXBuildFile; fileRef = D9DC030C297839E600A951A2 /* MediaCoordinator.swift */; };
		D9F0FEF829599616006D8B10 /* LoginView.swift in Sources */ = {isa = PBXBuildFile; fileRef = D9F0FEF629599616006D8B10 /* LoginView.swift */; };
		D9F0FEF929599616006D8B10 /* LoginView.xib in Resources */ = {isa = PBXBuildFile; fileRef = D9F0FEF729599616006D8B10 /* LoginView.xib */; };
		D9F0FEFB29599655006D8B10 /* LoginViewModel.swift in Sources */ = {isa = PBXBuildFile; fileRef = D9F0FEFA29599655006D8B10 /* LoginViewModel.swift */; };
		D9F0FEFE295A2A31006D8B10 /* ValidatingAccount.swift in Sources */ = {isa = PBXBuildFile; fileRef = D9F0FEFD295A2A31006D8B10 /* ValidatingAccount.swift */; };
/* End PBXBuildFile section */

/* Begin PBXFileReference section */
		4C4DAB5883316AC40EF57CCA /* Pods-TheMovieDB-App.release.xcconfig */ = {isa = PBXFileReference; includeInIndex = 1; lastKnownFileType = text.xcconfig; name = "Pods-TheMovieDB-App.release.xcconfig"; path = "Target Support Files/Pods-TheMovieDB-App/Pods-TheMovieDB-App.release.xcconfig"; sourceTree = "<group>"; };
		67CBD43F36F55FAA4DC9EFAA /* Pods-TheMovieDB-App.debug.xcconfig */ = {isa = PBXFileReference; includeInIndex = 1; lastKnownFileType = text.xcconfig; name = "Pods-TheMovieDB-App.debug.xcconfig"; path = "Target Support Files/Pods-TheMovieDB-App/Pods-TheMovieDB-App.debug.xcconfig"; sourceTree = "<group>"; };
		A4BBB45085508638BE5CCAE6 /* Pods_TheMovieDB_App.framework */ = {isa = PBXFileReference; explicitFileType = wrapper.framework; includeInIndex = 0; path = Pods_TheMovieDB_App.framework; sourceTree = BUILT_PRODUCTS_DIR; };
		D92612D0295C98BB007F9557 /* SessionID.swift */ = {isa = PBXFileReference; lastKnownFileType = sourcecode.swift; path = SessionID.swift; sourceTree = "<group>"; };
		D92612D3295D5D75007F9557 /* MediaListView.swift */ = {isa = PBXFileReference; lastKnownFileType = sourcecode.swift; path = MediaListView.swift; sourceTree = "<group>"; };
		D92612D4295D5D75007F9557 /* MediaListView.xib */ = {isa = PBXFileReference; lastKnownFileType = file.xib; path = MediaListView.xib; sourceTree = "<group>"; };
		D92612D9295D5DF5007F9557 /* MediaListViewModel.swift */ = {isa = PBXFileReference; lastKnownFileType = sourcecode.swift; path = MediaListViewModel.swift; sourceTree = "<group>"; };
		D92612FE295DA5F3007F9557 /* CustomSegmentControl.swift */ = {isa = PBXFileReference; lastKnownFileType = sourcecode.swift; path = CustomSegmentControl.swift; sourceTree = "<group>"; };
		D92612FF295DA5F3007F9557 /* CustomSegmentControl.xib */ = {isa = PBXFileReference; lastKnownFileType = file.xib; path = CustomSegmentControl.xib; sourceTree = "<group>"; };
		D9261303295E25E3007F9557 /* UITextField+Extensions.swift */ = {isa = PBXFileReference; lastKnownFileType = sourcecode.swift; path = "UITextField+Extensions.swift"; sourceTree = "<group>"; };
		D92613052962E623007F9557 /* Genre.swift */ = {isa = PBXFileReference; lastKnownFileType = sourcecode.swift; path = Genre.swift; sourceTree = "<group>"; };
		D92613072963174D007F9557 /* UITableView+Extensions.swift */ = {isa = PBXFileReference; lastKnownFileType = sourcecode.swift; path = "UITableView+Extensions.swift"; sourceTree = "<group>"; };
		D926130C29645A83007F9557 /* CustomTableViewHeader.swift */ = {isa = PBXFileReference; lastKnownFileType = sourcecode.swift; path = CustomTableViewHeader.swift; sourceTree = "<group>"; };
		D926130E296469AD007F9557 /* MediaCollectionTableViewCell.swift */ = {isa = PBXFileReference; lastKnownFileType = sourcecode.swift; path = MediaCollectionTableViewCell.swift; sourceTree = "<group>"; };
		D926130F296469AD007F9557 /* MediaCollectionTableViewCell.xib */ = {isa = PBXFileReference; lastKnownFileType = file.xib; path = MediaCollectionTableViewCell.xib; sourceTree = "<group>"; };
		D926131329646A48007F9557 /* MediaCollectionViewCell.swift */ = {isa = PBXFileReference; lastKnownFileType = sourcecode.swift; path = MediaCollectionViewCell.swift; sourceTree = "<group>"; };
		D926131429646A48007F9557 /* MediaCollectionViewCell.xib */ = {isa = PBXFileReference; lastKnownFileType = file.xib; path = MediaCollectionViewCell.xib; sourceTree = "<group>"; };
		D926131B2964C6E3007F9557 /* UICollectionView+Extensions.swift */ = {isa = PBXFileReference; lastKnownFileType = sourcecode.swift; path = "UICollectionView+Extensions.swift"; sourceTree = "<group>"; };
		D926131F2965D031007F9557 /* Poster.swift */ = {isa = PBXFileReference; lastKnownFileType = sourcecode.swift; path = Poster.swift; sourceTree = "<group>"; };
		D929E4CA297E719C004AF9FB /* SearchCoordinator.swift */ = {isa = PBXFileReference; lastKnownFileType = sourcecode.swift; path = SearchCoordinator.swift; sourceTree = "<group>"; };
		D929E4D6297EFD00004AF9FB /* SearchView.swift */ = {isa = PBXFileReference; lastKnownFileType = sourcecode.swift; path = SearchView.swift; sourceTree = "<group>"; };
		D929E4D7297EFD00004AF9FB /* SearchView.xib */ = {isa = PBXFileReference; lastKnownFileType = file.xib; path = SearchView.xib; sourceTree = "<group>"; };
		D929E4DA297EFD1D004AF9FB /* SearchViewModel.swift */ = {isa = PBXFileReference; lastKnownFileType = sourcecode.swift; path = SearchViewModel.swift; sourceTree = "<group>"; };
		D929E4E52982826D004AF9FB /* SearchMedia.swift */ = {isa = PBXFileReference; lastKnownFileType = sourcecode.swift; path = SearchMedia.swift; sourceTree = "<group>"; };
		D929E4E72986ACCA004AF9FB /* UIColor+Extensions.swift */ = {isa = PBXFileReference; lastKnownFileType = sourcecode.swift; path = "UIColor+Extensions.swift"; sourceTree = "<group>"; };
		D929E4E929885AF2004AF9FB /* AccountDetails.swift */ = {isa = PBXFileReference; lastKnownFileType = sourcecode.swift; path = AccountDetails.swift; sourceTree = "<group>"; };
		D929E4EB29896B91004AF9FB /* Favorites.swift */ = {isa = PBXFileReference; lastKnownFileType = sourcecode.swift; path = Favorites.swift; sourceTree = "<group>"; };
		D929E4ED298A6143004AF9FB /* FavoritesCoordinator.swift */ = {isa = PBXFileReference; lastKnownFileType = sourcecode.swift; path = FavoritesCoordinator.swift; sourceTree = "<group>"; };
		D929E4F0298A642E004AF9FB /* FavoritesView.swift */ = {isa = PBXFileReference; lastKnownFileType = sourcecode.swift; path = FavoritesView.swift; sourceTree = "<group>"; };
		D929E4F1298A642E004AF9FB /* FavoritesView.xib */ = {isa = PBXFileReference; lastKnownFileType = file.xib; path = FavoritesView.xib; sourceTree = "<group>"; };
		D929E4F4298A647B004AF9FB /* FavoritesViewModel.swift */ = {isa = PBXFileReference; lastKnownFileType = sourcecode.swift; path = FavoritesViewModel.swift; sourceTree = "<group>"; };
		D929E4FA298D5CAD004AF9FB /* FavoritesListView.swift */ = {isa = PBXFileReference; lastKnownFileType = sourcecode.swift; path = FavoritesListView.swift; sourceTree = "<group>"; };
		D929E4FB298D5CAD004AF9FB /* FavoritesListView.xib */ = {isa = PBXFileReference; lastKnownFileType = file.xib; path = FavoritesListView.xib; sourceTree = "<group>"; };
		D929E4FE298D5CE8004AF9FB /* FavoritesListViewModel.swift */ = {isa = PBXFileReference; lastKnownFileType = sourcecode.swift; path = FavoritesListViewModel.swift; sourceTree = "<group>"; };
		D929E50229924AB8004AF9FB /* FavoritesListTableViewCell.swift */ = {isa = PBXFileReference; lastKnownFileType = sourcecode.swift; path = FavoritesListTableViewCell.swift; sourceTree = "<group>"; };
		D929E50329924AB8004AF9FB /* FavoritesListTableViewCell.xib */ = {isa = PBXFileReference; lastKnownFileType = file.xib; path = FavoritesListTableViewCell.xib; sourceTree = "<group>"; };
		D929E5072993EF77004AF9FB /* CacheService.swift */ = {isa = PBXFileReference; lastKnownFileType = sourcecode.swift; path = CacheService.swift; sourceTree = "<group>"; };
		D929E50A2994E1B0004AF9FB /* NetworkSessionContainable.swift */ = {isa = PBXFileReference; lastKnownFileType = sourcecode.swift; path = NetworkSessionContainable.swift; sourceTree = "<group>"; };
		D929E50C2994E232004AF9FB /* NetworkSessionProcessable.swift */ = {isa = PBXFileReference; lastKnownFileType = sourcecode.swift; path = NetworkSessionProcessable.swift; sourceTree = "<group>"; };
		D929E50F2994E3CA004AF9FB /* DataService.swift */ = {isa = PBXFileReference; lastKnownFileType = sourcecode.swift; path = DataService.swift; sourceTree = "<group>"; };
		D932C6A32950A3B000552003 /* TheMovieDB-App.app */ = {isa = PBXFileReference; explicitFileType = wrapper.application; includeInIndex = 0; path = "TheMovieDB-App.app"; sourceTree = BUILT_PRODUCTS_DIR; };
		D932C6A62950A3B000552003 /* AppDelegate.swift */ = {isa = PBXFileReference; lastKnownFileType = sourcecode.swift; path = AppDelegate.swift; sourceTree = "<group>"; };
		D932C6B02950A3B000552003 /* TheMovieDB_App.xcdatamodel */ = {isa = PBXFileReference; lastKnownFileType = wrapper.xcdatamodel; path = TheMovieDB_App.xcdatamodel; sourceTree = "<group>"; };
		D932C6B22950A3B200552003 /* Assets.xcassets */ = {isa = PBXFileReference; lastKnownFileType = folder.assetcatalog; path = Assets.xcassets; sourceTree = "<group>"; };
		D932C6B52950A3B200552003 /* Base */ = {isa = PBXFileReference; lastKnownFileType = file.storyboard; name = Base; path = Base.lproj/LaunchScreen.storyboard; sourceTree = "<group>"; };
		D932C6B72950A3B200552003 /* Info.plist */ = {isa = PBXFileReference; lastKnownFileType = text.plist.xml; path = Info.plist; sourceTree = "<group>"; };
		D97038EA295357D3003ABAF9 /* temp.xib */ = {isa = PBXFileReference; lastKnownFileType = file.xib; path = temp.xib; sourceTree = "<group>"; };
		D98AFE132955D31D001665E7 /* SecureTextField.swift */ = {isa = PBXFileReference; lastKnownFileType = sourcecode.swift; path = SecureTextField.swift; sourceTree = "<group>"; };
		D98AFE142955D31D001665E7 /* SecureTextField.xib */ = {isa = PBXFileReference; lastKnownFileType = file.xib; path = SecureTextField.xib; sourceTree = "<group>"; };
		D98AFE172955D528001665E7 /* NibDesignable.swift */ = {isa = PBXFileReference; fileEncoding = 4; lastKnownFileType = sourcecode.swift; path = NibDesignable.swift; sourceTree = "<group>"; };
		D98AFE1A29564885001665E7 /* BaseView.swift */ = {isa = PBXFileReference; lastKnownFileType = sourcecode.swift; path = BaseView.swift; sourceTree = "<group>"; };
		D98AFE1D29564AB6001665E7 /* Events.swift */ = {isa = PBXFileReference; lastKnownFileType = sourcecode.swift; path = Events.swift; sourceTree = "<group>"; };
		D98AFE1F29564B1A001665E7 /* BaseViewModel.swift */ = {isa = PBXFileReference; lastKnownFileType = sourcecode.swift; path = BaseViewModel.swift; sourceTree = "<group>"; };
		D98AFE212956B8DE001665E7 /* BaseCoordinator.swift */ = {isa = PBXFileReference; lastKnownFileType = sourcecode.swift; path = BaseCoordinator.swift; sourceTree = "<group>"; };
		D98AFE272956C154001665E7 /* MainCoordinator.swift */ = {isa = PBXFileReference; lastKnownFileType = sourcecode.swift; path = MainCoordinator.swift; sourceTree = "<group>"; };
		D98AFE3029578863001665E7 /* HTTPMethod.swift */ = {isa = PBXFileReference; lastKnownFileType = sourcecode.swift; path = HTTPMethod.swift; sourceTree = "<group>"; };
		D98AFE3229578928001665E7 /* RequestError.swift */ = {isa = PBXFileReference; lastKnownFileType = sourcecode.swift; path = RequestError.swift; sourceTree = "<group>"; };
		D98AFE3429578C27001665E7 /* Movies.swift */ = {isa = PBXFileReference; lastKnownFileType = sourcecode.swift; path = Movies.swift; sourceTree = "<group>"; };
		D98AFE3629578C90001665E7 /* Movie.swift */ = {isa = PBXFileReference; lastKnownFileType = sourcecode.swift; path = Movie.swift; sourceTree = "<group>"; };
		D98AFE382957947F001665E7 /* NetworkService.swift */ = {isa = PBXFileReference; lastKnownFileType = sourcecode.swift; path = NetworkService.swift; sourceTree = "<group>"; };
		D98AFE3A295822A9001665E7 /* URLContainable.swift */ = {isa = PBXFileReference; lastKnownFileType = sourcecode.swift; path = URLContainable.swift; sourceTree = "<group>"; };
		D98AFE3C29584A2A001665E7 /* RequestedToken.swift */ = {isa = PBXFileReference; lastKnownFileType = sourcecode.swift; path = RequestedToken.swift; sourceTree = "<group>"; };
		D9DC02E1296D880100A951A2 /* MediaVIew.swift */ = {isa = PBXFileReference; lastKnownFileType = sourcecode.swift; path = MediaVIew.swift; sourceTree = "<group>"; };
		D9DC02E2296D880100A951A2 /* MediaView.xib */ = {isa = PBXFileReference; lastKnownFileType = file.xib; path = MediaView.xib; sourceTree = "<group>"; };
		D9DC02E629720A8100A951A2 /* MediaDetailView.swift */ = {isa = PBXFileReference; lastKnownFileType = sourcecode.swift; path = MediaDetailView.swift; sourceTree = "<group>"; };
		D9DC02E729720A8100A951A2 /* MediaDetailView.xib */ = {isa = PBXFileReference; lastKnownFileType = file.xib; path = MediaDetailView.xib; sourceTree = "<group>"; };
		D9DC02EA29720B9100A951A2 /* MediaDetailViewModel.swift */ = {isa = PBXFileReference; lastKnownFileType = sourcecode.swift; path = MediaDetailViewModel.swift; sourceTree = "<group>"; };
		D9DC02EC2973DFAE00A951A2 /* Detail.swift */ = {isa = PBXFileReference; lastKnownFileType = sourcecode.swift; path = Detail.swift; sourceTree = "<group>"; };
		D9DC02EE2975540B00A951A2 /* Video.swift */ = {isa = PBXFileReference; lastKnownFileType = sourcecode.swift; path = Video.swift; sourceTree = "<group>"; };
		D9DC02F32975E1DC00A951A2 /* SearchListView.swift */ = {isa = PBXFileReference; lastKnownFileType = sourcecode.swift; path = SearchListView.swift; sourceTree = "<group>"; };
		D9DC02F42975E1DC00A951A2 /* SearchListView.xib */ = {isa = PBXFileReference; lastKnownFileType = file.xib; path = SearchListView.xib; sourceTree = "<group>"; };
		D9DC02F72975E29200A951A2 /* SearchListViewModel.swift */ = {isa = PBXFileReference; lastKnownFileType = sourcecode.swift; path = SearchListViewModel.swift; sourceTree = "<group>"; };
		D9DC02FB2975E9E700A951A2 /* SearchTableViewCell.swift */ = {isa = PBXFileReference; lastKnownFileType = sourcecode.swift; path = SearchTableViewCell.swift; sourceTree = "<group>"; };
		D9DC02FC2975E9E700A951A2 /* SearchTableViewCell.xib */ = {isa = PBXFileReference; lastKnownFileType = file.xib; path = SearchTableViewCell.xib; sourceTree = "<group>"; };
		D9DC03062977EA6F00A951A2 /* MediaViewModel.swift */ = {isa = PBXFileReference; lastKnownFileType = sourcecode.swift; path = MediaViewModel.swift; sourceTree = "<group>"; };
		D9DC0308297823DC00A951A2 /* LoginCoordinator.swift */ = {isa = PBXFileReference; lastKnownFileType = sourcecode.swift; path = LoginCoordinator.swift; sourceTree = "<group>"; };
		D9DC030A29782FA500A951A2 /* ChildCoordinator.swift */ = {isa = PBXFileReference; lastKnownFileType = sourcecode.swift; path = ChildCoordinator.swift; sourceTree = "<group>"; };
		D9DC030C297839E600A951A2 /* MediaCoordinator.swift */ = {isa = PBXFileReference; lastKnownFileType = sourcecode.swift; path = MediaCoordinator.swift; sourceTree = "<group>"; };
		D9F0FEF629599616006D8B10 /* LoginView.swift */ = {isa = PBXFileReference; lastKnownFileType = sourcecode.swift; path = LoginView.swift; sourceTree = "<group>"; };
		D9F0FEF729599616006D8B10 /* LoginView.xib */ = {isa = PBXFileReference; lastKnownFileType = file.xib; path = LoginView.xib; sourceTree = "<group>"; };
		D9F0FEFA29599655006D8B10 /* LoginViewModel.swift */ = {isa = PBXFileReference; lastKnownFileType = sourcecode.swift; path = LoginViewModel.swift; sourceTree = "<group>"; };
		D9F0FEFD295A2A31006D8B10 /* ValidatingAccount.swift */ = {isa = PBXFileReference; lastKnownFileType = sourcecode.swift; path = ValidatingAccount.swift; sourceTree = "<group>"; };
/* End PBXFileReference section */

/* Begin PBXFrameworksBuildPhase section */
		D932C6A02950A3B000552003 /* Frameworks */ = {
			isa = PBXFrameworksBuildPhase;
			buildActionMask = 2147483647;
			files = (
				19340CD9E45D55476A36C841 /* Pods_TheMovieDB_App.framework in Frameworks */,
			);
			runOnlyForDeploymentPostprocessing = 0;
		};
/* End PBXFrameworksBuildPhase section */

/* Begin PBXGroup section */
		07458FFADCFAD392E547A35B /* Pods */ = {
			isa = PBXGroup;
			children = (
				67CBD43F36F55FAA4DC9EFAA /* Pods-TheMovieDB-App.debug.xcconfig */,
				4C4DAB5883316AC40EF57CCA /* Pods-TheMovieDB-App.release.xcconfig */,
			);
			path = Pods;
			sourceTree = "<group>";
		};
		C3ED857DF084D9AD806C6E38 /* Frameworks */ = {
			isa = PBXGroup;
			children = (
				A4BBB45085508638BE5CCAE6 /* Pods_TheMovieDB_App.framework */,
			);
			name = Frameworks;
			sourceTree = "<group>";
		};
		D92612D2295D5D3C007F9557 /* MediaList */ = {
			isa = PBXGroup;
			children = (
				D92612D3295D5D75007F9557 /* MediaListView.swift */,
				D92612D4295D5D75007F9557 /* MediaListView.xib */,
				D92612D9295D5DF5007F9557 /* MediaListViewModel.swift */,
				D92612FD295DA5A1007F9557 /* Views */,
				D9261312296469B9007F9557 /* Cells */,
			);
			path = MediaList;
			sourceTree = "<group>";
		};
		D92612FD295DA5A1007F9557 /* Views */ = {
			isa = PBXGroup;
			children = (
				D92612FE295DA5F3007F9557 /* CustomSegmentControl.swift */,
				D92612FF295DA5F3007F9557 /* CustomSegmentControl.xib */,
				D926130C29645A83007F9557 /* CustomTableViewHeader.swift */,
			);
			path = Views;
			sourceTree = "<group>";
		};
		D9261302295E25B4007F9557 /* Extensions */ = {
			isa = PBXGroup;
			children = (
				D9261303295E25E3007F9557 /* UITextField+Extensions.swift */,
				D92613072963174D007F9557 /* UITableView+Extensions.swift */,
				D926131B2964C6E3007F9557 /* UICollectionView+Extensions.swift */,
				D929E4E72986ACCA004AF9FB /* UIColor+Extensions.swift */,
			);
			path = Extensions;
			sourceTree = "<group>";
		};
		D9261312296469B9007F9557 /* Cells */ = {
			isa = PBXGroup;
			children = (
				D926130E296469AD007F9557 /* MediaCollectionTableViewCell.swift */,
				D926130F296469AD007F9557 /* MediaCollectionTableViewCell.xib */,
				D926131329646A48007F9557 /* MediaCollectionViewCell.swift */,
				D926131429646A48007F9557 /* MediaCollectionViewCell.xib */,
			);
			path = Cells;
			sourceTree = "<group>";
		};
		D929E4D5297EFCDE004AF9FB /* Search */ = {
			isa = PBXGroup;
			children = (
				D929E4D6297EFD00004AF9FB /* SearchView.swift */,
				D929E4D7297EFD00004AF9FB /* SearchView.xib */,
				D929E4DA297EFD1D004AF9FB /* SearchViewModel.swift */,
			);
			path = Search;
			sourceTree = "<group>";
		};
		D929E4EF298A6247004AF9FB /* Favorites */ = {
			isa = PBXGroup;
			children = (
				D929E4F0298A642E004AF9FB /* FavoritesView.swift */,
				D929E4F1298A642E004AF9FB /* FavoritesView.xib */,
				D929E4F4298A647B004AF9FB /* FavoritesViewModel.swift */,
			);
			path = Favorites;
			sourceTree = "<group>";
		};
		D929E4F6298D499F004AF9FB /* MediaFlow */ = {
			isa = PBXGroup;
			children = (
				D9DC02DC296D876400A951A2 /* Media */,
				D92612D2295D5D3C007F9557 /* MediaList */,
				D9DC02E529720A1800A951A2 /* MediaDetail */,
			);
			path = MediaFlow;
			sourceTree = "<group>";
		};
		D929E4F7298D49E4004AF9FB /* SearchFlow */ = {
			isa = PBXGroup;
			children = (
				D929E4D5297EFCDE004AF9FB /* Search */,
				D9DC02F02975CFF900A951A2 /* SearchList */,
			);
			path = SearchFlow;
			sourceTree = "<group>";
		};
		D929E4F8298D4A04004AF9FB /* FavoritesFlow */ = {
			isa = PBXGroup;
			children = (
				D929E4F9298D5C89004AF9FB /* FavoritesList */,
				D929E4EF298A6247004AF9FB /* Favorites */,
			);
			path = FavoritesFlow;
			sourceTree = "<group>";
		};
		D929E4F9298D5C89004AF9FB /* FavoritesList */ = {
			isa = PBXGroup;
			children = (
				D929E4FA298D5CAD004AF9FB /* FavoritesListView.swift */,
				D929E4FB298D5CAD004AF9FB /* FavoritesListView.xib */,
				D929E4FE298D5CE8004AF9FB /* FavoritesListViewModel.swift */,
				D929E50129924A52004AF9FB /* Cells */,
			);
			path = FavoritesList;
			sourceTree = "<group>";
		};
		D929E50129924A52004AF9FB /* Cells */ = {
			isa = PBXGroup;
			children = (
				D929E50229924AB8004AF9FB /* FavoritesListTableViewCell.swift */,
				D929E50329924AB8004AF9FB /* FavoritesListTableViewCell.xib */,
			);
			path = Cells;
			sourceTree = "<group>";
		};
		D929E5062993EF30004AF9FB /* CacheService */ = {
			isa = PBXGroup;
			children = (
				D929E5072993EF77004AF9FB /* CacheService.swift */,
			);
			path = CacheService;
			sourceTree = "<group>";
		};
		D929E5092994DFCB004AF9FB /* Managers */ = {
			isa = PBXGroup;
			children = (
				D929E50E2994E391004AF9FB /* DataService */,
				D98AFE2B29578502001665E7 /* NetworkService */,
				D929E5062993EF30004AF9FB /* CacheService */,
			);
			path = Managers;
			sourceTree = "<group>";
		};
		D929E50E2994E391004AF9FB /* DataService */ = {
			isa = PBXGroup;
			children = (
				D929E50F2994E3CA004AF9FB /* DataService.swift */,
			);
			path = DataService;
			sourceTree = "<group>";
		};
		D932C69A2950A3B000552003 = {
			isa = PBXGroup;
			children = (
				D932C6A52950A3B000552003 /* TheMovieDB-App */,
				D932C6B72950A3B200552003 /* Info.plist */,
				D932C6B22950A3B200552003 /* Assets.xcassets */,
				D932C6AF2950A3B000552003 /* TheMovieDB_App.xcdatamodeld */,
				D932C6A42950A3B000552003 /* Products */,
				07458FFADCFAD392E547A35B /* Pods */,
				C3ED857DF084D9AD806C6E38 /* Frameworks */,
			);
			sourceTree = "<group>";
		};
		D932C6A42950A3B000552003 /* Products */ = {
			isa = PBXGroup;
			children = (
				D932C6A32950A3B000552003 /* TheMovieDB-App.app */,
			);
			name = Products;
			sourceTree = "<group>";
		};
		D932C6A52950A3B000552003 /* TheMovieDB-App */ = {
			isa = PBXGroup;
			children = (
				D929E5092994DFCB004AF9FB /* Managers */,
				D98AFE2C2957856E001665E7 /* Models */,
				D98AFE192956480F001665E7 /* BaseEntities */,
				D98AFE1C29564AA6001665E7 /* Protocols */,
				D98AFE262956C120001665E7 /* Coordinators */,
				D98AFE252956C0FB001665E7 /* FlowComponents */,
				D9261302295E25B4007F9557 /* Extensions */,
				D97038EA295357D3003ABAF9 /* temp.xib */,
				D932C6B42950A3B200552003 /* LaunchScreen.storyboard */,
				D932C6A62950A3B000552003 /* AppDelegate.swift */,
				D98AFE172955D528001665E7 /* NibDesignable.swift */,
			);
			path = "TheMovieDB-App";
			sourceTree = "<group>";
		};
		D98AFE0E2955D103001665E7 /* Views */ = {
			isa = PBXGroup;
			children = (
				D98AFE132955D31D001665E7 /* SecureTextField.swift */,
				D98AFE142955D31D001665E7 /* SecureTextField.xib */,
			);
			path = Views;
			sourceTree = "<group>";
		};
		D98AFE192956480F001665E7 /* BaseEntities */ = {
			isa = PBXGroup;
			children = (
				D98AFE1A29564885001665E7 /* BaseView.swift */,
				D98AFE1F29564B1A001665E7 /* BaseViewModel.swift */,
				D98AFE212956B8DE001665E7 /* BaseCoordinator.swift */,
				D9DC030A29782FA500A951A2 /* ChildCoordinator.swift */,
			);
			path = BaseEntities;
			sourceTree = "<group>";
		};
		D98AFE1C29564AA6001665E7 /* Protocols */ = {
			isa = PBXGroup;
			children = (
				D98AFE1D29564AB6001665E7 /* Events.swift */,
				D929E50A2994E1B0004AF9FB /* NetworkSessionContainable.swift */,
				D929E50C2994E232004AF9FB /* NetworkSessionProcessable.swift */,
				D98AFE3A295822A9001665E7 /* URLContainable.swift */,
			);
			path = Protocols;
			sourceTree = "<group>";
		};
		D98AFE252956C0FB001665E7 /* FlowComponents */ = {
			isa = PBXGroup;
			children = (
				D929E4F8298D4A04004AF9FB /* FavoritesFlow */,
				D929E4F7298D49E4004AF9FB /* SearchFlow */,
				D929E4F6298D499F004AF9FB /* MediaFlow */,
				D9F0FEF529599574006D8B10 /* Login */,
			);
			path = FlowComponents;
			sourceTree = "<group>";
		};
		D98AFE262956C120001665E7 /* Coordinators */ = {
			isa = PBXGroup;
			children = (
				D98AFE272956C154001665E7 /* MainCoordinator.swift */,
				D9DC0308297823DC00A951A2 /* LoginCoordinator.swift */,
				D9DC030C297839E600A951A2 /* MediaCoordinator.swift */,
				D929E4CA297E719C004AF9FB /* SearchCoordinator.swift */,
				D929E4ED298A6143004AF9FB /* FavoritesCoordinator.swift */,
			);
			path = Coordinators;
			sourceTree = "<group>";
		};
		D98AFE2B29578502001665E7 /* NetworkService */ = {
			isa = PBXGroup;
			children = (
				D98AFE3029578863001665E7 /* HTTPMethod.swift */,
				D98AFE3229578928001665E7 /* RequestError.swift */,
				D98AFE382957947F001665E7 /* NetworkService.swift */,
			);
			path = NetworkService;
			sourceTree = "<group>";
		};
		D98AFE2C2957856E001665E7 /* Models */ = {
			isa = PBXGroup;
			children = (
				D98AFE3429578C27001665E7 /* Movies.swift */,
				D98AFE3629578C90001665E7 /* Movie.swift */,
				D98AFE3C29584A2A001665E7 /* RequestedToken.swift */,
				D9F0FEFD295A2A31006D8B10 /* ValidatingAccount.swift */,
				D92612D0295C98BB007F9557 /* SessionID.swift */,
				D92613052962E623007F9557 /* Genre.swift */,
				D926131F2965D031007F9557 /* Poster.swift */,
				D9DC02EC2973DFAE00A951A2 /* Detail.swift */,
				D9DC02EE2975540B00A951A2 /* Video.swift */,
				D929E4E52982826D004AF9FB /* SearchMedia.swift */,
				D929E4E929885AF2004AF9FB /* AccountDetails.swift */,
				D929E4EB29896B91004AF9FB /* Favorites.swift */,
			);
			path = Models;
			sourceTree = "<group>";
		};
		D9DC02DC296D876400A951A2 /* Media */ = {
			isa = PBXGroup;
			children = (
				D9DC02E1296D880100A951A2 /* MediaVIew.swift */,
				D9DC02E2296D880100A951A2 /* MediaView.xib */,
				D9DC03062977EA6F00A951A2 /* MediaViewModel.swift */,
			);
			path = Media;
			sourceTree = "<group>";
		};
		D9DC02E529720A1800A951A2 /* MediaDetail */ = {
			isa = PBXGroup;
			children = (
				D9DC02E629720A8100A951A2 /* MediaDetailView.swift */,
				D9DC02E729720A8100A951A2 /* MediaDetailView.xib */,
				D9DC02EA29720B9100A951A2 /* MediaDetailViewModel.swift */,
			);
			path = MediaDetail;
			sourceTree = "<group>";
		};
		D9DC02F02975CFF900A951A2 /* SearchList */ = {
			isa = PBXGroup;
			children = (
				D9DC02F32975E1DC00A951A2 /* SearchListView.swift */,
				D9DC02F42975E1DC00A951A2 /* SearchListView.xib */,
				D9DC02F72975E29200A951A2 /* SearchListViewModel.swift */,
				D9DC02FA2975E9B800A951A2 /* Cells */,
			);
			path = SearchList;
			sourceTree = "<group>";
		};
		D9DC02FA2975E9B800A951A2 /* Cells */ = {
			isa = PBXGroup;
			children = (
				D9DC02FB2975E9E700A951A2 /* SearchTableViewCell.swift */,
				D9DC02FC2975E9E700A951A2 /* SearchTableViewCell.xib */,
			);
			path = Cells;
			sourceTree = "<group>";
		};
		D9F0FEF529599574006D8B10 /* Login */ = {
			isa = PBXGroup;
			children = (
				D9F0FEF629599616006D8B10 /* LoginView.swift */,
				D9F0FEF729599616006D8B10 /* LoginView.xib */,
				D9F0FEFA29599655006D8B10 /* LoginViewModel.swift */,
				D98AFE0E2955D103001665E7 /* Views */,
			);
			path = Login;
			sourceTree = "<group>";
		};
/* End PBXGroup section */

/* Begin PBXNativeTarget section */
		D932C6A22950A3B000552003 /* TheMovieDB-App */ = {
			isa = PBXNativeTarget;
			buildConfigurationList = D932C6BA2950A3B200552003 /* Build configuration list for PBXNativeTarget "TheMovieDB-App" */;
			buildPhases = (
				A4CA9F339337F4AF5816A6E7 /* [CP] Check Pods Manifest.lock */,
				D932C69F2950A3B000552003 /* Sources */,
				D932C6A02950A3B000552003 /* Frameworks */,
				D932C6A12950A3B000552003 /* Resources */,
				6B4C4A504C24B508326FC356 /* [CP] Embed Pods Frameworks */,
			);
			buildRules = (
			);
			dependencies = (
			);
			name = "TheMovieDB-App";
			productName = "TheMovieDB-App";
			productReference = D932C6A32950A3B000552003 /* TheMovieDB-App.app */;
			productType = "com.apple.product-type.application";
		};
/* End PBXNativeTarget section */

/* Begin PBXProject section */
		D932C69B2950A3B000552003 /* Project object */ = {
			isa = PBXProject;
			attributes = {
				BuildIndependentTargetsInParallel = 1;
				LastSwiftUpdateCheck = 1400;
				LastUpgradeCheck = 1400;
				TargetAttributes = {
					D932C6A22950A3B000552003 = {
						CreatedOnToolsVersion = 14.0;
					};
				};
			};
			buildConfigurationList = D932C69E2950A3B000552003 /* Build configuration list for PBXProject "TheMovieDB-App" */;
			compatibilityVersion = "Xcode 13.0";
			developmentRegion = en;
			hasScannedForEncodings = 0;
			knownRegions = (
				en,
				Base,
			);
			mainGroup = D932C69A2950A3B000552003;
			productRefGroup = D932C6A42950A3B000552003 /* Products */;
			projectDirPath = "";
			projectRoot = "";
			targets = (
				D932C6A22950A3B000552003 /* TheMovieDB-App */,
			);
		};
/* End PBXProject section */

/* Begin PBXResourcesBuildPhase section */
		D932C6A12950A3B000552003 /* Resources */ = {
			isa = PBXResourcesBuildPhase;
			buildActionMask = 2147483647;
			files = (
				D929E4FD298D5CAD004AF9FB /* FavoritesListView.xib in Resources */,
				D929E4F3298A642E004AF9FB /* FavoritesView.xib in Resources */,
				D98AFE162955D31D001665E7 /* SecureTextField.xib in Resources */,
				D97038EB295357D3003ABAF9 /* temp.xib in Resources */,
				D929E50529924AB8004AF9FB /* FavoritesListTableViewCell.xib in Resources */,
				D9F0FEF929599616006D8B10 /* LoginView.xib in Resources */,
				D9261311296469AD007F9557 /* MediaCollectionTableViewCell.xib in Resources */,
				D9DC02F62975E1DC00A951A2 /* SearchListView.xib in Resources */,
				D9261301295DA5F4007F9557 /* CustomSegmentControl.xib in Resources */,
				D932C6B62950A3B200552003 /* LaunchScreen.storyboard in Resources */,
				D92612D6295D5D75007F9557 /* MediaListView.xib in Resources */,
				D932C6B32950A3B200552003 /* Assets.xcassets in Resources */,
				D926131629646A48007F9557 /* MediaCollectionViewCell.xib in Resources */,
				D929E4D9297EFD00004AF9FB /* SearchView.xib in Resources */,
				D9DC02FE2975E9E700A951A2 /* SearchTableViewCell.xib in Resources */,
				D9DC02E929720A8100A951A2 /* MediaDetailView.xib in Resources */,
				D9DC02E4296D880100A951A2 /* MediaView.xib in Resources */,
			);
			runOnlyForDeploymentPostprocessing = 0;
		};
/* End PBXResourcesBuildPhase section */

/* Begin PBXShellScriptBuildPhase section */
		6B4C4A504C24B508326FC356 /* [CP] Embed Pods Frameworks */ = {
			isa = PBXShellScriptBuildPhase;
			buildActionMask = 2147483647;
			files = (
			);
			inputFileListPaths = (
				"${PODS_ROOT}/Target Support Files/Pods-TheMovieDB-App/Pods-TheMovieDB-App-frameworks-${CONFIGURATION}-input-files.xcfilelist",
			);
			name = "[CP] Embed Pods Frameworks";
			outputFileListPaths = (
				"${PODS_ROOT}/Target Support Files/Pods-TheMovieDB-App/Pods-TheMovieDB-App-frameworks-${CONFIGURATION}-output-files.xcfilelist",
			);
			runOnlyForDeploymentPostprocessing = 0;
			shellPath = /bin/sh;
			shellScript = "\"${PODS_ROOT}/Target Support Files/Pods-TheMovieDB-App/Pods-TheMovieDB-App-frameworks.sh\"\n";
			showEnvVarsInLog = 0;
		};
		A4CA9F339337F4AF5816A6E7 /* [CP] Check Pods Manifest.lock */ = {
			isa = PBXShellScriptBuildPhase;
			buildActionMask = 2147483647;
			files = (
			);
			inputFileListPaths = (
			);
			inputPaths = (
				"${PODS_PODFILE_DIR_PATH}/Podfile.lock",
				"${PODS_ROOT}/Manifest.lock",
			);
			name = "[CP] Check Pods Manifest.lock";
			outputFileListPaths = (
			);
			outputPaths = (
				"$(DERIVED_FILE_DIR)/Pods-TheMovieDB-App-checkManifestLockResult.txt",
			);
			runOnlyForDeploymentPostprocessing = 0;
			shellPath = /bin/sh;
			shellScript = "diff \"${PODS_PODFILE_DIR_PATH}/Podfile.lock\" \"${PODS_ROOT}/Manifest.lock\" > /dev/null\nif [ $? != 0 ] ; then\n    # print error to STDERR\n    echo \"error: The sandbox is not in sync with the Podfile.lock. Run 'pod install' or update your CocoaPods installation.\" >&2\n    exit 1\nfi\n# This output is used by Xcode 'outputs' to avoid re-running this script phase.\necho \"SUCCESS\" > \"${SCRIPT_OUTPUT_FILE_0}\"\n";
			showEnvVarsInLog = 0;
		};
/* End PBXShellScriptBuildPhase section */

/* Begin PBXSourcesBuildPhase section */
		D932C69F2950A3B000552003 /* Sources */ = {
			isa = PBXSourcesBuildPhase;
			buildActionMask = 2147483647;
			files = (
				D98AFE282956C154001665E7 /* MainCoordinator.swift in Sources */,
				D92612D1295C98BB007F9557 /* SessionID.swift in Sources */,
				D929E4E62982826D004AF9FB /* SearchMedia.swift in Sources */,
				D9DC02F82975E29200A951A2 /* SearchListViewModel.swift in Sources */,
				D929E4E82986ACCA004AF9FB /* UIColor+Extensions.swift in Sources */,
				D9DC02EF2975540B00A951A2 /* Video.swift in Sources */,
				D9DC02ED2973DFAE00A951A2 /* Detail.swift in Sources */,
				D929E4EA29885AF2004AF9FB /* AccountDetails.swift in Sources */,
				D9F0FEFB29599655006D8B10 /* LoginViewModel.swift in Sources */,
				D9261310296469AD007F9557 /* MediaCollectionTableViewCell.swift in Sources */,
				D98AFE182955D528001665E7 /* NibDesignable.swift in Sources */,
				D98AFE3129578863001665E7 /* HTTPMethod.swift in Sources */,
				D929E4FF298D5CE8004AF9FB /* FavoritesListViewModel.swift in Sources */,
				D926131C2964C6E3007F9557 /* UICollectionView+Extensions.swift in Sources */,
				D98AFE152955D31D001665E7 /* SecureTextField.swift in Sources */,
				D929E4FC298D5CAD004AF9FB /* FavoritesListView.swift in Sources */,
				D926130D29645A83007F9557 /* CustomTableViewHeader.swift in Sources */,
				D92612DA295D5DF5007F9557 /* MediaListViewModel.swift in Sources */,
				D932C6A72950A3B000552003 /* AppDelegate.swift in Sources */,
				D98AFE3B295822A9001665E7 /* URLContainable.swift in Sources */,
				D9DC02E829720A8100A951A2 /* MediaDetailView.swift in Sources */,
				D9261304295E25E3007F9557 /* UITextField+Extensions.swift in Sources */,
				D92612D5295D5D75007F9557 /* MediaListView.swift in Sources */,
				D9F0FEFE295A2A31006D8B10 /* ValidatingAccount.swift in Sources */,
				D98AFE3D29584A2A001665E7 /* RequestedToken.swift in Sources */,
				D98AFE392957947F001665E7 /* NetworkService.swift in Sources */,
				D98AFE1E29564AB6001665E7 /* Events.swift in Sources */,
				D9261300295DA5F4007F9557 /* CustomSegmentControl.swift in Sources */,
				D9DC02F52975E1DC00A951A2 /* SearchListView.swift in Sources */,
				D926131529646A48007F9557 /* MediaCollectionViewCell.swift in Sources */,
				D929E4F2298A642E004AF9FB /* FavoritesView.swift in Sources */,
				D9DC030D297839E700A951A2 /* MediaCoordinator.swift in Sources */,
				D9DC02E3296D880100A951A2 /* MediaVIew.swift in Sources */,
				D98AFE222956B8DF001665E7 /* BaseCoordinator.swift in Sources */,
				D929E4DB297EFD1D004AF9FB /* SearchViewModel.swift in Sources */,
				D9DC02EB29720B9100A951A2 /* MediaDetailViewModel.swift in Sources */,
				D98AFE2029564B1A001665E7 /* BaseViewModel.swift in Sources */,
				D9DC02FD2975E9E700A951A2 /* SearchTableViewCell.swift in Sources */,
				D929E50B2994E1B0004AF9FB /* NetworkSessionContainable.swift in Sources */,
				D929E5102994E3CA004AF9FB /* DataService.swift in Sources */,
				D929E4CB297E719C004AF9FB /* SearchCoordinator.swift in Sources */,
				D9DC0309297823DC00A951A2 /* LoginCoordinator.swift in Sources */,
				D98AFE1B29564885001665E7 /* BaseView.swift in Sources */,
				D92613062962E623007F9557 /* Genre.swift in Sources */,
				D929E50429924AB8004AF9FB /* FavoritesListTableViewCell.swift in Sources */,
				D9DC030B29782FA500A951A2 /* ChildCoordinator.swift in Sources */,
				D929E4EE298A6143004AF9FB /* FavoritesCoordinator.swift in Sources */,
				D929E4D8297EFD00004AF9FB /* SearchView.swift in Sources */,
				D98AFE3329578928001665E7 /* RequestError.swift in Sources */,
				D92613082963174D007F9557 /* UITableView+Extensions.swift in Sources */,
				D9F0FEF829599616006D8B10 /* LoginView.swift in Sources */,
				D98AFE3529578C27001665E7 /* Movies.swift in Sources */,
				D929E4F5298A647B004AF9FB /* FavoritesViewModel.swift in Sources */,
				D932C6B12950A3B000552003 /* TheMovieDB_App.xcdatamodeld in Sources */,
				D929E5082993EF77004AF9FB /* CacheService.swift in Sources */,
				D98AFE3729578C90001665E7 /* Movie.swift in Sources */,
				D929E4EC29896B91004AF9FB /* Favorites.swift in Sources */,
				D929E50D2994E232004AF9FB /* NetworkSessionProcessable.swift in Sources */,
				D92613202965D031007F9557 /* Poster.swift in Sources */,
				D9DC03072977EA6F00A951A2 /* MediaViewModel.swift in Sources */,
			);
			runOnlyForDeploymentPostprocessing = 0;
		};
/* End PBXSourcesBuildPhase section */

/* Begin PBXVariantGroup section */
		D932C6B42950A3B200552003 /* LaunchScreen.storyboard */ = {
			isa = PBXVariantGroup;
			children = (
				D932C6B52950A3B200552003 /* Base */,
			);
			name = LaunchScreen.storyboard;
			sourceTree = "<group>";
		};
/* End PBXVariantGroup section */

/* Begin XCBuildConfiguration section */
		D932C6B82950A3B200552003 /* Debug */ = {
			isa = XCBuildConfiguration;
			buildSettings = {
				ALWAYS_SEARCH_USER_PATHS = NO;
				CLANG_ANALYZER_NONNULL = YES;
				CLANG_ANALYZER_NUMBER_OBJECT_CONVERSION = YES_AGGRESSIVE;
				CLANG_CXX_LANGUAGE_STANDARD = "gnu++20";
				CLANG_ENABLE_MODULES = YES;
				CLANG_ENABLE_OBJC_ARC = YES;
				CLANG_ENABLE_OBJC_WEAK = YES;
				CLANG_WARN_BLOCK_CAPTURE_AUTORELEASING = YES;
				CLANG_WARN_BOOL_CONVERSION = YES;
				CLANG_WARN_COMMA = YES;
				CLANG_WARN_CONSTANT_CONVERSION = YES;
				CLANG_WARN_DEPRECATED_OBJC_IMPLEMENTATIONS = YES;
				CLANG_WARN_DIRECT_OBJC_ISA_USAGE = YES_ERROR;
				CLANG_WARN_DOCUMENTATION_COMMENTS = YES;
				CLANG_WARN_EMPTY_BODY = YES;
				CLANG_WARN_ENUM_CONVERSION = YES;
				CLANG_WARN_INFINITE_RECURSION = YES;
				CLANG_WARN_INT_CONVERSION = YES;
				CLANG_WARN_NON_LITERAL_NULL_CONVERSION = YES;
				CLANG_WARN_OBJC_IMPLICIT_RETAIN_SELF = YES;
				CLANG_WARN_OBJC_LITERAL_CONVERSION = YES;
				CLANG_WARN_OBJC_ROOT_CLASS = YES_ERROR;
				CLANG_WARN_QUOTED_INCLUDE_IN_FRAMEWORK_HEADER = YES;
				CLANG_WARN_RANGE_LOOP_ANALYSIS = YES;
				CLANG_WARN_STRICT_PROTOTYPES = YES;
				CLANG_WARN_SUSPICIOUS_MOVE = YES;
				CLANG_WARN_UNGUARDED_AVAILABILITY = YES_AGGRESSIVE;
				CLANG_WARN_UNREACHABLE_CODE = YES;
				CLANG_WARN__DUPLICATE_METHOD_MATCH = YES;
				COPY_PHASE_STRIP = NO;
				DEBUG_INFORMATION_FORMAT = dwarf;
				ENABLE_STRICT_OBJC_MSGSEND = YES;
				ENABLE_TESTABILITY = YES;
				GCC_C_LANGUAGE_STANDARD = gnu11;
				GCC_DYNAMIC_NO_PIC = NO;
				GCC_NO_COMMON_BLOCKS = YES;
				GCC_OPTIMIZATION_LEVEL = 0;
				GCC_PREPROCESSOR_DEFINITIONS = (
					"DEBUG=1",
					"$(inherited)",
				);
				GCC_WARN_64_TO_32_BIT_CONVERSION = YES;
				GCC_WARN_ABOUT_RETURN_TYPE = YES_ERROR;
				GCC_WARN_UNDECLARED_SELECTOR = YES;
				GCC_WARN_UNINITIALIZED_AUTOS = YES_AGGRESSIVE;
				GCC_WARN_UNUSED_FUNCTION = YES;
				GCC_WARN_UNUSED_VARIABLE = YES;
				IPHONEOS_DEPLOYMENT_TARGET = 16.0;
				MTL_ENABLE_DEBUG_INFO = INCLUDE_SOURCE;
				MTL_FAST_MATH = YES;
				ONLY_ACTIVE_ARCH = YES;
				SDKROOT = iphoneos;
				SWIFT_ACTIVE_COMPILATION_CONDITIONS = DEBUG;
				SWIFT_OPTIMIZATION_LEVEL = "-Onone";
			};
			name = Debug;
		};
		D932C6B92950A3B200552003 /* Release */ = {
			isa = XCBuildConfiguration;
			buildSettings = {
				ALWAYS_SEARCH_USER_PATHS = NO;
				CLANG_ANALYZER_NONNULL = YES;
				CLANG_ANALYZER_NUMBER_OBJECT_CONVERSION = YES_AGGRESSIVE;
				CLANG_CXX_LANGUAGE_STANDARD = "gnu++20";
				CLANG_ENABLE_MODULES = YES;
				CLANG_ENABLE_OBJC_ARC = YES;
				CLANG_ENABLE_OBJC_WEAK = YES;
				CLANG_WARN_BLOCK_CAPTURE_AUTORELEASING = YES;
				CLANG_WARN_BOOL_CONVERSION = YES;
				CLANG_WARN_COMMA = YES;
				CLANG_WARN_CONSTANT_CONVERSION = YES;
				CLANG_WARN_DEPRECATED_OBJC_IMPLEMENTATIONS = YES;
				CLANG_WARN_DIRECT_OBJC_ISA_USAGE = YES_ERROR;
				CLANG_WARN_DOCUMENTATION_COMMENTS = YES;
				CLANG_WARN_EMPTY_BODY = YES;
				CLANG_WARN_ENUM_CONVERSION = YES;
				CLANG_WARN_INFINITE_RECURSION = YES;
				CLANG_WARN_INT_CONVERSION = YES;
				CLANG_WARN_NON_LITERAL_NULL_CONVERSION = YES;
				CLANG_WARN_OBJC_IMPLICIT_RETAIN_SELF = YES;
				CLANG_WARN_OBJC_LITERAL_CONVERSION = YES;
				CLANG_WARN_OBJC_ROOT_CLASS = YES_ERROR;
				CLANG_WARN_QUOTED_INCLUDE_IN_FRAMEWORK_HEADER = YES;
				CLANG_WARN_RANGE_LOOP_ANALYSIS = YES;
				CLANG_WARN_STRICT_PROTOTYPES = YES;
				CLANG_WARN_SUSPICIOUS_MOVE = YES;
				CLANG_WARN_UNGUARDED_AVAILABILITY = YES_AGGRESSIVE;
				CLANG_WARN_UNREACHABLE_CODE = YES;
				CLANG_WARN__DUPLICATE_METHOD_MATCH = YES;
				COPY_PHASE_STRIP = NO;
				DEBUG_INFORMATION_FORMAT = "dwarf-with-dsym";
				ENABLE_NS_ASSERTIONS = NO;
				ENABLE_STRICT_OBJC_MSGSEND = YES;
				GCC_C_LANGUAGE_STANDARD = gnu11;
				GCC_NO_COMMON_BLOCKS = YES;
				GCC_WARN_64_TO_32_BIT_CONVERSION = YES;
				GCC_WARN_ABOUT_RETURN_TYPE = YES_ERROR;
				GCC_WARN_UNDECLARED_SELECTOR = YES;
				GCC_WARN_UNINITIALIZED_AUTOS = YES_AGGRESSIVE;
				GCC_WARN_UNUSED_FUNCTION = YES;
				GCC_WARN_UNUSED_VARIABLE = YES;
				IPHONEOS_DEPLOYMENT_TARGET = 16.0;
				MTL_ENABLE_DEBUG_INFO = NO;
				MTL_FAST_MATH = YES;
				SDKROOT = iphoneos;
				SWIFT_COMPILATION_MODE = wholemodule;
				SWIFT_OPTIMIZATION_LEVEL = "-O";
				VALIDATE_PRODUCT = YES;
			};
			name = Release;
		};
		D932C6BB2950A3B200552003 /* Debug */ = {
			isa = XCBuildConfiguration;
			baseConfigurationReference = 67CBD43F36F55FAA4DC9EFAA /* Pods-TheMovieDB-App.debug.xcconfig */;
			buildSettings = {
				ASSETCATALOG_COMPILER_APPICON_NAME = AppIcon;
				ASSETCATALOG_COMPILER_GLOBAL_ACCENT_COLOR_NAME = AccentColor;
				CODE_SIGN_STYLE = Automatic;
				CURRENT_PROJECT_VERSION = 1;
				DEVELOPMENT_TEAM = P6U5TRBVG5;
				GENERATE_INFOPLIST_FILE = YES;
				INFOPLIST_FILE = "TheMovieDB-App/Info.plist";
				INFOPLIST_KEY_UIApplicationSupportsIndirectInputEvents = YES;
				INFOPLIST_KEY_UILaunchStoryboardName = LaunchScreen;
				INFOPLIST_KEY_UIStatusBarStyle = "";
				INFOPLIST_KEY_UISupportedInterfaceOrientations_iPad = "UIInterfaceOrientationPortrait UIInterfaceOrientationPortraitUpsideDown UIInterfaceOrientationLandscapeLeft UIInterfaceOrientationLandscapeRight";
				INFOPLIST_KEY_UISupportedInterfaceOrientations_iPhone = "UIInterfaceOrientationPortrait UIInterfaceOrientationLandscapeLeft UIInterfaceOrientationLandscapeRight";
				LD_RUNPATH_SEARCH_PATHS = (
					"$(inherited)",
					"@executable_path/Frameworks",
				);
				MARKETING_VERSION = 1.0;
				PRODUCT_BUNDLE_IDENTIFIER = "com.ermakov.TheMovieDB-App";
				PRODUCT_NAME = "$(TARGET_NAME)";
				SWIFT_EMIT_LOC_STRINGS = YES;
				SWIFT_VERSION = 5.0;
				TARGETED_DEVICE_FAMILY = "1,2";
			};
			name = Debug;
		};
		D932C6BC2950A3B200552003 /* Release */ = {
			isa = XCBuildConfiguration;
			baseConfigurationReference = 4C4DAB5883316AC40EF57CCA /* Pods-TheMovieDB-App.release.xcconfig */;
			buildSettings = {
				ASSETCATALOG_COMPILER_APPICON_NAME = AppIcon;
				ASSETCATALOG_COMPILER_GLOBAL_ACCENT_COLOR_NAME = AccentColor;
				CODE_SIGN_STYLE = Automatic;
				CURRENT_PROJECT_VERSION = 1;
				DEVELOPMENT_TEAM = P6U5TRBVG5;
				GENERATE_INFOPLIST_FILE = YES;
				INFOPLIST_FILE = "TheMovieDB-App/Info.plist";
				INFOPLIST_KEY_UIApplicationSupportsIndirectInputEvents = YES;
				INFOPLIST_KEY_UILaunchStoryboardName = LaunchScreen;
				INFOPLIST_KEY_UIStatusBarStyle = "";
				INFOPLIST_KEY_UISupportedInterfaceOrientations_iPad = "UIInterfaceOrientationPortrait UIInterfaceOrientationPortraitUpsideDown UIInterfaceOrientationLandscapeLeft UIInterfaceOrientationLandscapeRight";
				INFOPLIST_KEY_UISupportedInterfaceOrientations_iPhone = "UIInterfaceOrientationPortrait UIInterfaceOrientationLandscapeLeft UIInterfaceOrientationLandscapeRight";
				LD_RUNPATH_SEARCH_PATHS = (
					"$(inherited)",
					"@executable_path/Frameworks",
				);
				MARKETING_VERSION = 1.0;
				PRODUCT_BUNDLE_IDENTIFIER = "com.ermakov.TheMovieDB-App";
				PRODUCT_NAME = "$(TARGET_NAME)";
				SWIFT_EMIT_LOC_STRINGS = YES;
				SWIFT_VERSION = 5.0;
				TARGETED_DEVICE_FAMILY = "1,2";
			};
			name = Release;
		};
/* End XCBuildConfiguration section */

/* Begin XCConfigurationList section */
		D932C69E2950A3B000552003 /* Build configuration list for PBXProject "TheMovieDB-App" */ = {
			isa = XCConfigurationList;
			buildConfigurations = (
				D932C6B82950A3B200552003 /* Debug */,
				D932C6B92950A3B200552003 /* Release */,
			);
			defaultConfigurationIsVisible = 0;
			defaultConfigurationName = Release;
		};
		D932C6BA2950A3B200552003 /* Build configuration list for PBXNativeTarget "TheMovieDB-App" */ = {
			isa = XCConfigurationList;
			buildConfigurations = (
				D932C6BB2950A3B200552003 /* Debug */,
				D932C6BC2950A3B200552003 /* Release */,
			);
			defaultConfigurationIsVisible = 0;
			defaultConfigurationName = Release;
		};
/* End XCConfigurationList section */

/* Begin XCVersionGroup section */
		D932C6AF2950A3B000552003 /* TheMovieDB_App.xcdatamodeld */ = {
			isa = XCVersionGroup;
			children = (
				D932C6B02950A3B000552003 /* TheMovieDB_App.xcdatamodel */,
			);
			currentVersion = D932C6B02950A3B000552003 /* TheMovieDB_App.xcdatamodel */;
			path = TheMovieDB_App.xcdatamodeld;
			sourceTree = "<group>";
			versionGroupType = wrapper.xcdatamodel;
		};
/* End XCVersionGroup section */
	};
	rootObject = D932C69B2950A3B000552003 /* Project object */;
}
